
Microsoft Visual Studio Solution File, Format Version 12.00
# Visual Studio 15
VisualStudioVersion = 15.0.27004.2009
MinimumVisualStudioVersion = 10.0.40219.1
Project("{9A19103F-16F7-4668-BE54-9A1E7A4F7556}") = "Ronin.Core", "Ronin.Core\Ronin.Core.csproj", "{F9918493-24BC-49BD-A727-1E1AC11B25FD}"
EndProject
Project("{9A19103F-16F7-4668-BE54-9A1E7A4F7556}") = "Ronin.Obj", "Ronin.Obj\Ronin.Obj.csproj", "{EA6088DF-876E-4B7E-B805-AC8D2DE79599}"
EndProject
Project("{FAE04EC0-301F-11D3-BF4B-00C04F79EFBC}") = "Ronin.UWA", "Ronin.UWA\Ronin.UWA.csproj", "{DCCC6E82-8F2D-402A-9500-2F4461C53F00}"
EndProject
Project("{9A19103F-16F7-4668-BE54-9A1E7A4F7556}") = "Ronin.Web", "Ronin.Web\Ronin.Web.csproj", "{B2024086-97E9-4321-97FD-270BD5279B28}"
EndProject
Project("{9A19103F-16F7-4668-BE54-9A1E7A4F7556}") = "WebApplication1", "WebApplication1\WebApplication1.csproj", "{AE81E94E-DC23-4B97-84C9-3CB2BB8F6434}"
EndProject
Project("{9A19103F-16F7-4668-BE54-9A1E7A4F7556}") = "Ronin.Data", "Ronin.Data\Ronin.Data.csproj", "{034D44DB-921F-4E7A-B58E-C6AE5ADBA60A}"
EndProject
Project("{FAE04EC0-301F-11D3-BF4B-00C04F79EFBC}") = "UnitTestRoninCore", "Test\UnitTestRoninCore\UnitTestRoninCore.csproj", "{F6BE1B12-9C99-49E6-A849-C26BD68C79F1}"
EndProject
Global
	GlobalSection(SolutionConfigurationPlatforms) = preSolution
		Debug|Any CPU = Debug|Any CPU
		Debug|ARM = Debug|ARM
		Debug|x64 = Debug|x64
		Debug|x86 = Debug|x86
		Release|Any CPU = Release|Any CPU
		Release|ARM = Release|ARM
		Release|x64 = Release|x64
		Release|x86 = Release|x86
	EndGlobalSection
	GlobalSection(ProjectConfigurationPlatforms) = postSolution
		{F9918493-24BC-49BD-A727-1E1AC11B25FD}.Debug|Any CPU.ActiveCfg = Debug|Any CPU
		{F9918493-24BC-49BD-A727-1E1AC11B25FD}.Debug|Any CPU.Build.0 = Debug|Any CPU
		{F9918493-24BC-49BD-A727-1E1AC11B25FD}.Debug|ARM.ActiveCfg = Debug|Any CPU
		{F9918493-24BC-49BD-A727-1E1AC11B25FD}.Debug|ARM.Build.0 = Debug|Any CPU
		{F9918493-24BC-49BD-A727-1E1AC11B25FD}.Debug|x64.ActiveCfg = Debug|Any CPU
		{F9918493-24BC-49BD-A727-1E1AC11B25FD}.Debug|x64.Build.0 = Debug|Any CPU
		{F9918493-24BC-49BD-A727-1E1AC11B25FD}.Debug|x86.ActiveCfg = Debug|Any CPU
		{F9918493-24BC-49BD-A727-1E1AC11B25FD}.Debug|x86.Build.0 = Debug|Any CPU
		{F9918493-24BC-49BD-A727-1E1AC11B25FD}.Release|Any CPU.ActiveCfg = Release|Any CPU
		{F9918493-24BC-49BD-A727-1E1AC11B25FD}.Release|Any CPU.Build.0 = Release|Any CPU
		{F9918493-24BC-49BD-A727-1E1AC11B25FD}.Release|ARM.ActiveCfg = Release|Any CPU
		{F9918493-24BC-49BD-A727-1E1AC11B25FD}.Release|ARM.Build.0 = Release|Any CPU
		{F9918493-24BC-49BD-A727-1E1AC11B25FD}.Release|x64.ActiveCfg = Release|Any CPU
		{F9918493-24BC-49BD-A727-1E1AC11B25FD}.Release|x64.Build.0 = Release|Any CPU
		{F9918493-24BC-49BD-A727-1E1AC11B25FD}.Release|x86.ActiveCfg = Release|Any CPU
		{F9918493-24BC-49BD-A727-1E1AC11B25FD}.Release|x86.Build.0 = Release|Any CPU
		{EA6088DF-876E-4B7E-B805-AC8D2DE79599}.Debug|Any CPU.ActiveCfg = Debug|Any CPU
		{EA6088DF-876E-4B7E-B805-AC8D2DE79599}.Debug|Any CPU.Build.0 = Debug|Any CPU
		{EA6088DF-876E-4B7E-B805-AC8D2DE79599}.Debug|ARM.ActiveCfg = Debug|Any CPU
		{EA6088DF-876E-4B7E-B805-AC8D2DE79599}.Debug|ARM.Build.0 = Debug|Any CPU
		{EA6088DF-876E-4B7E-B805-AC8D2DE79599}.Debug|x64.ActiveCfg = Debug|Any CPU
		{EA6088DF-876E-4B7E-B805-AC8D2DE79599}.Debug|x64.Build.0 = Debug|Any CPU
		{EA6088DF-876E-4B7E-B805-AC8D2DE79599}.Debug|x86.ActiveCfg = Debug|Any CPU
		{EA6088DF-876E-4B7E-B805-AC8D2DE79599}.Debug|x86.Build.0 = Debug|Any CPU
		{EA6088DF-876E-4B7E-B805-AC8D2DE79599}.Release|Any CPU.ActiveCfg = Release|Any CPU
		{EA6088DF-876E-4B7E-B805-AC8D2DE79599}.Release|Any CPU.Build.0 = Release|Any CPU
		{EA6088DF-876E-4B7E-B805-AC8D2DE79599}.Release|ARM.ActiveCfg = Release|Any CPU
		{EA6088DF-876E-4B7E-B805-AC8D2DE79599}.Release|ARM.Build.0 = Release|Any CPU
		{EA6088DF-876E-4B7E-B805-AC8D2DE79599}.Release|x64.ActiveCfg = Release|Any CPU
		{EA6088DF-876E-4B7E-B805-AC8D2DE79599}.Release|x64.Build.0 = Release|Any CPU
		{EA6088DF-876E-4B7E-B805-AC8D2DE79599}.Release|x86.ActiveCfg = Release|Any CPU
		{EA6088DF-876E-4B7E-B805-AC8D2DE79599}.Release|x86.Build.0 = Release|Any CPU
		{DCCC6E82-8F2D-402A-9500-2F4461C53F00}.Debug|Any CPU.ActiveCfg = Debug|x86
		{DCCC6E82-8F2D-402A-9500-2F4461C53F00}.Debug|Any CPU.Build.0 = Debug|x86
		{DCCC6E82-8F2D-402A-9500-2F4461C53F00}.Debug|Any CPU.Deploy.0 = Debug|x86
		{DCCC6E82-8F2D-402A-9500-2F4461C53F00}.Debug|ARM.ActiveCfg = Debug|ARM
		{DCCC6E82-8F2D-402A-9500-2F4461C53F00}.Debug|ARM.Build.0 = Debug|ARM
		{DCCC6E82-8F2D-402A-9500-2F4461C53F00}.Debug|ARM.Deploy.0 = Debug|ARM
		{DCCC6E82-8F2D-402A-9500-2F4461C53F00}.Debug|x64.ActiveCfg = Debug|x64
		{DCCC6E82-8F2D-402A-9500-2F4461C53F00}.Debug|x64.Build.0 = Debug|x64
		{DCCC6E82-8F2D-402A-9500-2F4461C53F00}.Debug|x64.Deploy.0 = Debug|x64
		{DCCC6E82-8F2D-402A-9500-2F4461C53F00}.Debug|x86.ActiveCfg = Debug|x86
		{DCCC6E82-8F2D-402A-9500-2F4461C53F00}.Debug|x86.Build.0 = Debug|x86
		{DCCC6E82-8F2D-402A-9500-2F4461C53F00}.Debug|x86.Deploy.0 = Debug|x86
		{DCCC6E82-8F2D-402A-9500-2F4461C53F00}.Release|Any CPU.ActiveCfg = Release|x86
		{DCCC6E82-8F2D-402A-9500-2F4461C53F00}.Release|ARM.ActiveCfg = Release|ARM
		{DCCC6E82-8F2D-402A-9500-2F4461C53F00}.Release|ARM.Build.0 = Release|ARM
		{DCCC6E82-8F2D-402A-9500-2F4461C53F00}.Release|ARM.Deploy.0 = Release|ARM
		{DCCC6E82-8F2D-402A-9500-2F4461C53F00}.Release|x64.ActiveCfg = Release|x64
		{DCCC6E82-8F2D-402A-9500-2F4461C53F00}.Release|x64.Build.0 = Release|x64
		{DCCC6E82-8F2D-402A-9500-2F4461C53F00}.Release|x64.Deploy.0 = Release|x64
		{DCCC6E82-8F2D-402A-9500-2F4461C53F00}.Release|x86.ActiveCfg = Release|x86
		{DCCC6E82-8F2D-402A-9500-2F4461C53F00}.Release|x86.Build.0 = Release|x86
		{DCCC6E82-8F2D-402A-9500-2F4461C53F00}.Release|x86.Deploy.0 = Release|x86
		{B2024086-97E9-4321-97FD-270BD5279B28}.Debug|Any CPU.ActiveCfg = Debug|Any CPU
		{B2024086-97E9-4321-97FD-270BD5279B28}.Debug|Any CPU.Build.0 = Debug|Any CPU
		{B2024086-97E9-4321-97FD-270BD5279B28}.Debug|ARM.ActiveCfg = Debug|Any CPU
		{B2024086-97E9-4321-97FD-270BD5279B28}.Debug|ARM.Build.0 = Debug|Any CPU
		{B2024086-97E9-4321-97FD-270BD5279B28}.Debug|x64.ActiveCfg = Debug|Any CPU
		{B2024086-97E9-4321-97FD-270BD5279B28}.Debug|x64.Build.0 = Debug|Any CPU
		{B2024086-97E9-4321-97FD-270BD5279B28}.Debug|x86.ActiveCfg = Debug|Any CPU
		{B2024086-97E9-4321-97FD-270BD5279B28}.Debug|x86.Build.0 = Debug|Any CPU
		{B2024086-97E9-4321-97FD-270BD5279B28}.Release|Any CPU.ActiveCfg = Release|Any CPU
		{B2024086-97E9-4321-97FD-270BD5279B28}.Release|Any CPU.Build.0 = Release|Any CPU
		{B2024086-97E9-4321-97FD-270BD5279B28}.Release|ARM.ActiveCfg = Release|Any CPU
		{B2024086-97E9-4321-97FD-270BD5279B28}.Release|ARM.Build.0 = Release|Any CPU
		{B2024086-97E9-4321-97FD-270BD5279B28}.Release|x64.ActiveCfg = Release|Any CPU
		{B2024086-97E9-4321-97FD-270BD5279B28}.Release|x64.Build.0 = Release|Any CPU
		{B2024086-97E9-4321-97FD-270BD5279B28}.Release|x86.ActiveCfg = Release|Any CPU
		{B2024086-97E9-4321-97FD-270BD5279B28}.Release|x86.Build.0 = Release|Any CPU
		{AE81E94E-DC23-4B97-84C9-3CB2BB8F6434}.Debug|Any CPU.ActiveCfg = Debug|Any CPU
		{AE81E94E-DC23-4B97-84C9-3CB2BB8F6434}.Debug|Any CPU.Build.0 = Debug|Any CPU
		{AE81E94E-DC23-4B97-84C9-3CB2BB8F6434}.Debug|ARM.ActiveCfg = Debug|Any CPU
		{AE81E94E-DC23-4B97-84C9-3CB2BB8F6434}.Debug|ARM.Build.0 = Debug|Any CPU
		{AE81E94E-DC23-4B97-84C9-3CB2BB8F6434}.Debug|x64.ActiveCfg = Debug|Any CPU
		{AE81E94E-DC23-4B97-84C9-3CB2BB8F6434}.Debug|x64.Build.0 = Debug|Any CPU
		{AE81E94E-DC23-4B97-84C9-3CB2BB8F6434}.Debug|x86.ActiveCfg = Debug|Any CPU
		{AE81E94E-DC23-4B97-84C9-3CB2BB8F6434}.Debug|x86.Build.0 = Debug|Any CPU
		{AE81E94E-DC23-4B97-84C9-3CB2BB8F6434}.Release|Any CPU.ActiveCfg = Release|Any CPU
		{AE81E94E-DC23-4B97-84C9-3CB2BB8F6434}.Release|Any CPU.Build.0 = Release|Any CPU
		{AE81E94E-DC23-4B97-84C9-3CB2BB8F6434}.Release|ARM.ActiveCfg = Release|Any CPU
		{AE81E94E-DC23-4B97-84C9-3CB2BB8F6434}.Release|ARM.Build.0 = Release|Any CPU
		{AE81E94E-DC23-4B97-84C9-3CB2BB8F6434}.Release|x64.ActiveCfg = Release|Any CPU
		{AE81E94E-DC23-4B97-84C9-3CB2BB8F6434}.Release|x64.Build.0 = Release|Any CPU
		{AE81E94E-DC23-4B97-84C9-3CB2BB8F6434}.Release|x86.ActiveCfg = Release|Any CPU
		{AE81E94E-DC23-4B97-84C9-3CB2BB8F6434}.Release|x86.Build.0 = Release|Any CPU
		{034D44DB-921F-4E7A-B58E-C6AE5ADBA60A}.Debug|Any CPU.ActiveCfg = Debug|Any CPU
		{034D44DB-921F-4E7A-B58E-C6AE5ADBA60A}.Debug|Any CPU.Build.0 = Debug|Any CPU
		{034D44DB-921F-4E7A-B58E-C6AE5ADBA60A}.Debug|ARM.ActiveCfg = Debug|Any CPU
		{034D44DB-921F-4E7A-B58E-C6AE5ADBA60A}.Debug|ARM.Build.0 = Debug|Any CPU
		{034D44DB-921F-4E7A-B58E-C6AE5ADBA60A}.Debug|x64.ActiveCfg = Debug|Any CPU
		{034D44DB-921F-4E7A-B58E-C6AE5ADBA60A}.Debug|x64.Build.0 = Debug|Any CPU
		{034D44DB-921F-4E7A-B58E-C6AE5ADBA60A}.Debug|x86.ActiveCfg = Debug|Any CPU
		{034D44DB-921F-4E7A-B58E-C6AE5ADBA60A}.Debug|x86.Build.0 = Debug|Any CPU
		{034D44DB-921F-4E7A-B58E-C6AE5ADBA60A}.Release|Any CPU.ActiveCfg = Release|Any CPU
		{034D44DB-921F-4E7A-B58E-C6AE5ADBA60A}.Release|Any CPU.Build.0 = Release|Any CPU
		{034D44DB-921F-4E7A-B58E-C6AE5ADBA60A}.Release|ARM.ActiveCfg = Release|Any CPU
		{034D44DB-921F-4E7A-B58E-C6AE5ADBA60A}.Release|ARM.Build.0 = Release|Any CPU
		{034D44DB-921F-4E7A-B58E-C6AE5ADBA60A}.Release|x64.ActiveCfg = Release|Any CPU
		{034D44DB-921F-4E7A-B58E-C6AE5ADBA60A}.Release|x64.Build.0 = Release|Any CPU
		{034D44DB-921F-4E7A-B58E-C6AE5ADBA60A}.Release|x86.ActiveCfg = Release|Any CPU
		{034D44DB-921F-4E7A-B58E-C6AE5ADBA60A}.Release|x86.Build.0 = Release|Any CPU
		{F6BE1B12-9C99-49E6-A849-C26BD68C79F1}.Debug|Any CPU.ActiveCfg = Debug|Any CPU
		{F6BE1B12-9C99-49E6-A849-C26BD68C79F1}.Debug|Any CPU.Build.0 = Debug|Any CPU
		{F6BE1B12-9C99-49E6-A849-C26BD68C79F1}.Debug|ARM.ActiveCfg = Debug|Any CPU
		{F6BE1B12-9C99-49E6-A849-C26BD68C79F1}.Debug|ARM.Build.0 = Debug|Any CPU
		{F6BE1B12-9C99-49E6-A849-C26BD68C79F1}.Debug|x64.ActiveCfg = Debug|Any CPU
		{F6BE1B12-9C99-49E6-A849-C26BD68C79F1}.Debug|x64.Build.0 = Debug|Any CPU
		{F6BE1B12-9C99-49E6-A849-C26BD68C79F1}.Debug|x86.ActiveCfg = Debug|Any CPU
		{F6BE1B12-9C99-49E6-A849-C26BD68C79F1}.Debug|x86.Build.0 = Debug|Any CPU
		{F6BE1B12-9C99-49E6-A849-C26BD68C79F1}.Release|Any CPU.ActiveCfg = Release|Any CPU
		{F6BE1B12-9C99-49E6-A849-C26BD68C79F1}.Release|Any CPU.Build.0 = Release|Any CPU
		{F6BE1B12-9C99-49E6-A849-C26BD68C79F1}.Release|ARM.ActiveCfg = Release|Any CPU
		{F6BE1B12-9C99-49E6-A849-C26BD68C79F1}.Release|ARM.Build.0 = Release|Any CPU
		{F6BE1B12-9C99-49E6-A849-C26BD68C79F1}.Release|x64.ActiveCfg = Release|Any CPU
		{F6BE1B12-9C99-49E6-A849-C26BD68C79F1}.Release|x64.Build.0 = Release|Any CPU
		{F6BE1B12-9C99-49E6-A849-C26BD68C79F1}.Release|x86.ActiveCfg = Release|Any CPU
		{F6BE1B12-9C99-49E6-A849-C26BD68C79F1}.Release|x86.Build.0 = Release|Any CPU
	EndGlobalSection
	GlobalSection(SolutionProperties) = preSolution
		HideSolutionNode = FALSE
	EndGlobalSection
	GlobalSection(ExtensibilityGlobals) = postSolution
		SolutionGuid = {64568FF6-CDC6-4520-8E91-CAF199FC0F24}
	EndGlobalSection
EndGlobal
